
Microsoft Visual Studio Solution File, Format Version 12.00
# Visual Studio 15
VisualStudioVersion = 15.0.27130.2027
MinimumVisualStudioVersion = 10.0.40219.1
Project("{8BC9CEB8-8B4A-11D0-8D11-00A0C91BC942}") = "QuizGameRefactor", "QuizGameRefactor.vcxproj", "{5646203E-72B8-4C6F-A00E-B4CBD02B49AF}"
EndProject
Global
	GlobalSection(SolutionConfigurationPlatforms) = preSolution
		Debug|x64 = Debug|x64
		Debug|x86 = Debug|x86
		Release|x64 = Release|x64
		Release|x86 = Release|x86
	EndGlobalSection
	GlobalSection(ProjectConfigurationPlatforms) = postSolution
		{5646203E-72B8-4C6F-A00E-B4CBD02B49AF}.Debug|x64.ActiveCfg = Debug|x64
		{5646203E-72B8-4C6F-A00E-B4CBD02B49AF}.Debug|x64.Build.0 = Debug|x64
		{5646203E-72B8-4C6F-A00E-B4CBD02B49AF}.Debug|x86.ActiveCfg = Debug|Win32
		{5646203E-72B8-4C6F-A00E-B4CBD02B49AF}.Debug|x86.Build.0 = Debug|Win32
		{5646203E-72B8-4C6F-A00E-B4CBD02B49AF}.Release|x64.ActiveCfg = Release|x64
		{5646203E-72B8-4C6F-A00E-B4CBD02B49AF}.Release|x64.Build.0 = Release|x64
		{5646203E-72B8-4C6F-A00E-B4CBD02B49AF}.Release|x86.ActiveCfg = Release|Win32
		{5646203E-72B8-4C6F-A00E-B4CBD02B49AF}.Release|x86.Build.0 = Release|Win32
	EndGlobalSection
	GlobalSection(SolutionProperties) = preSolution
		HideSolutionNode = FALSE
	EndGlobalSection
	GlobalSection(ExtensibilityGlobals) = postSolution
		SolutionGuid = {4E8F2033-DCFA-47CE-97BA-70F15A806629}
	EndGlobalSection
EndGlobal
